
Microsoft Visual Studio Solution File, Format Version 12.00
# Visual Studio Version 16
VisualStudioVersion = 16.0.31129.286
MinimumVisualStudioVersion = 10.0.40219.1
Project("{8BC9CEB8-8B4A-11D0-8D11-00A0C91BC942}") = "GameOOP", "GameOOP.vcxproj", "{A8B72F45-8A72-4739-B328-FDEA64ADFABF}"
EndProject
Global
	GlobalSection(SolutionConfigurationPlatforms) = preSolution
		Debug|x64 = Debug|x64
		Debug|x86 = Debug|x86
		Release|x64 = Release|x64
		Release|x86 = Release|x86
	EndGlobalSection
	GlobalSection(ProjectConfigurationPlatforms) = postSolution
		{A8B72F45-8A72-4739-B328-FDEA64ADFABF}.Debug|x64.ActiveCfg = Debug|x64
		{A8B72F45-8A72-4739-B328-FDEA64ADFABF}.Debug|x64.Build.0 = Debug|x64
		{A8B72F45-8A72-4739-B328-FDEA64ADFABF}.Debug|x86.ActiveCfg = Debug|Win32
		{A8B72F45-8A72-4739-B328-FDEA64ADFABF}.Debug|x86.Build.0 = Debug|Win32
		{A8B72F45-8A72-4739-B328-FDEA64ADFABF}.Release|x64.ActiveCfg = Release|x64
		{A8B72F45-8A72-4739-B328-FDEA64ADFABF}.Release|x64.Build.0 = Release|x64
		{A8B72F45-8A72-4739-B328-FDEA64ADFABF}.Release|x86.ActiveCfg = Release|Win32
		{A8B72F45-8A72-4739-B328-FDEA64ADFABF}.Release|x86.Build.0 = Release|Win32
	EndGlobalSection
	GlobalSection(SolutionProperties) = preSolution
		HideSolutionNode = FALSE
	EndGlobalSection
	GlobalSection(ExtensibilityGlobals) = postSolution
		SolutionGuid = {62FB8D6E-F649-4A7A-9413-2957FB8AB309}
	EndGlobalSection
EndGlobal
